
Microsoft Visual Studio Solution File, Format Version 12.00
# Visual Studio Version 17
VisualStudioVersion = 17.14.36401.2
MinimumVisualStudioVersion = 10.0.40219.1
Project("{FAE04EC0-301F-11D3-BF4B-00C04F79EFBC}") = "PredictiveMaintenanceSystem", "PredictiveMaintenanceSystem.csproj", "{022DAE34-A6DC-4C91-AB4E-EF2771FCC12D}"
EndProject
Project("{FAE04EC0-301F-11D3-BF4B-00C04F79EFBC}") = "PredictiveMaintenance.API", "..\PredictiveMaintenance.API\PredictiveMaintenance.API.csproj", "{BFC004D4-A294-40EA-8305-483E304FC589}"
EndProject
Global
	GlobalSection(SolutionConfigurationPlatforms) = preSolution
		Debug|Any CPU = Debug|Any CPU
		Debug|x64 = Debug|x64
		Debug|x86 = Debug|x86
		Release|Any CPU = Release|Any CPU
		Release|x64 = Release|x64
		Release|x86 = Release|x86
	EndGlobalSection
	GlobalSection(ProjectConfigurationPlatforms) = postSolution
		{022DAE34-A6DC-4C91-AB4E-EF2771FCC12D}.Debug|Any CPU.ActiveCfg = Debug|Any CPU
		{022DAE34-A6DC-4C91-AB4E-EF2771FCC12D}.Debug|Any CPU.Build.0 = Debug|Any CPU
		{022DAE34-A6DC-4C91-AB4E-EF2771FCC12D}.Debug|x64.ActiveCfg = Debug|Any CPU
		{022DAE34-A6DC-4C91-AB4E-EF2771FCC12D}.Debug|x64.Build.0 = Debug|Any CPU
		{022DAE34-A6DC-4C91-AB4E-EF2771FCC12D}.Debug|x86.ActiveCfg = Debug|Any CPU
		{022DAE34-A6DC-4C91-AB4E-EF2771FCC12D}.Debug|x86.Build.0 = Debug|Any CPU
		{022DAE34-A6DC-4C91-AB4E-EF2771FCC12D}.Release|Any CPU.ActiveCfg = Release|Any CPU
		{022DAE34-A6DC-4C91-AB4E-EF2771FCC12D}.Release|Any CPU.Build.0 = Release|Any CPU
		{022DAE34-A6DC-4C91-AB4E-EF2771FCC12D}.Release|x64.ActiveCfg = Release|Any CPU
		{022DAE34-A6DC-4C91-AB4E-EF2771FCC12D}.Release|x64.Build.0 = Release|Any CPU
		{022DAE34-A6DC-4C91-AB4E-EF2771FCC12D}.Release|x86.ActiveCfg = Release|Any CPU
		{022DAE34-A6DC-4C91-AB4E-EF2771FCC12D}.Release|x86.Build.0 = Release|Any CPU
		{BFC004D4-A294-40EA-8305-483E304FC589}.Debug|Any CPU.ActiveCfg = Debug|Any CPU
		{BFC004D4-A294-40EA-8305-483E304FC589}.Debug|Any CPU.Build.0 = Debug|Any CPU
		{BFC004D4-A294-40EA-8305-483E304FC589}.Debug|x64.ActiveCfg = Debug|Any CPU
		{BFC004D4-A294-40EA-8305-483E304FC589}.Debug|x64.Build.0 = Debug|Any CPU
		{BFC004D4-A294-40EA-8305-483E304FC589}.Debug|x86.ActiveCfg = Debug|Any CPU
		{BFC004D4-A294-40EA-8305-483E304FC589}.Debug|x86.Build.0 = Debug|Any CPU
		{BFC004D4-A294-40EA-8305-483E304FC589}.Release|Any CPU.ActiveCfg = Release|Any CPU
		{BFC004D4-A294-40EA-8305-483E304FC589}.Release|Any CPU.Build.0 = Release|Any CPU
		{BFC004D4-A294-40EA-8305-483E304FC589}.Release|x64.ActiveCfg = Release|Any CPU
		{BFC004D4-A294-40EA-8305-483E304FC589}.Release|x64.Build.0 = Release|Any CPU
		{BFC004D4-A294-40EA-8305-483E304FC589}.Release|x86.ActiveCfg = Release|Any CPU
		{BFC004D4-A294-40EA-8305-483E304FC589}.Release|x86.Build.0 = Release|Any CPU
	EndGlobalSection
	GlobalSection(SolutionProperties) = preSolution
		HideSolutionNode = FALSE
	EndGlobalSection
	GlobalSection(ExtensibilityGlobals) = postSolution
		SolutionGuid = {BF43565A-0F31-4476-9AFC-4C7DF3EBC2BF}
	EndGlobalSection
EndGlobal
